
Microsoft Visual Studio Solution File, Format Version 12.00
# Visual Studio Version 17
VisualStudioVersion = 17.14.36401.2 d17.14
MinimumVisualStudioVersion = 10.0.40219.1
Project("{FAE04EC0-301F-11D3-BF4B-00C04F79EFBC}") = "KenoGui", "KenoGui\KenoGui.csproj", "{2F8583E7-A94C-4377-BADE-AE4473B0BCBF}"
EndProject
Global
	GlobalSection(SolutionConfigurationPlatforms) = preSolution
		Debug|Any CPU = Debug|Any CPU
		Release|Any CPU = Release|Any CPU
	EndGlobalSection
	GlobalSection(ProjectConfigurationPlatforms) = postSolution
		{2F8583E7-A94C-4377-BADE-AE4473B0BCBF}.Debug|Any CPU.ActiveCfg = Debug|Any CPU
		{2F8583E7-A94C-4377-BADE-AE4473B0BCBF}.Debug|Any CPU.Build.0 = Debug|Any CPU
		{2F8583E7-A94C-4377-BADE-AE4473B0BCBF}.Release|Any CPU.ActiveCfg = Release|Any CPU
		{2F8583E7-A94C-4377-BADE-AE4473B0BCBF}.Release|Any CPU.Build.0 = Release|Any CPU
	EndGlobalSection
	GlobalSection(SolutionProperties) = preSolution
		HideSolutionNode = FALSE
	EndGlobalSection
	GlobalSection(ExtensibilityGlobals) = postSolution
		SolutionGuid = {52DF7446-435F-4FF2-8BCB-52159D69A54C}
	EndGlobalSection
EndGlobal
